// !$*UTF8*$!
{
	archiveVersion = 1;
	classes = {
	};
	objectVersion = 50;
	objects = {

/* Begin PBXBuildFile section */
		51D3FF9EBCEA5E7261BA8CFC /* Pods_Weather.framework in Frameworks */ = {isa = PBXBuildFile; fileRef = 264A05D4A5DE6E21DBE5AA5F /* Pods_Weather.framework */; };
		934CCA6A20D6666400A91D3C /* PageViewController.swift in Sources */ = {isa = PBXBuildFile; fileRef = 934CCA6920D6666400A91D3C /* PageViewController.swift */; };
		934CCA6C20D708F900A91D3C /* CityViewController.swift in Sources */ = {isa = PBXBuildFile; fileRef = 934CCA6B20D708F900A91D3C /* CityViewController.swift */; };
		939673A420D0D6A000BE916F /* AppDelegate.swift in Sources */ = {isa = PBXBuildFile; fileRef = 939673A320D0D6A000BE916F /* AppDelegate.swift */; };
		939673A620D0D6A000BE916F /* WeatherViewController.swift in Sources */ = {isa = PBXBuildFile; fileRef = 939673A520D0D6A000BE916F /* WeatherViewController.swift */; };
		939673A920D0D6A000BE916F /* Main.storyboard in Resources */ = {isa = PBXBuildFile; fileRef = 939673A720D0D6A000BE916F /* Main.storyboard */; };
		939673AB20D0D6A300BE916F /* Assets.xcassets in Resources */ = {isa = PBXBuildFile; fileRef = 939673AA20D0D6A300BE916F /* Assets.xcassets */; };
		939673AE20D0D6A300BE916F /* LaunchScreen.storyboard in Resources */ = {isa = PBXBuildFile; fileRef = 939673AC20D0D6A300BE916F /* LaunchScreen.storyboard */; };
		939673B920D127A400BE916F /* Weather.swift in Sources */ = {isa = PBXBuildFile; fileRef = 939673B820D127A400BE916F /* Weather.swift */; };
		93FF3BB320D22CB30009C5F6 /* WeatherForecastCollectionViewCell.swift in Sources */ = {isa = PBXBuildFile; fileRef = 93FF3BB120D22CB30009C5F6 /* WeatherForecastCollectionViewCell.swift */; };
		93FF3BB420D22CB30009C5F6 /* WeatherForecastCollectionViewCell.xib in Resources */ = {isa = PBXBuildFile; fileRef = 93FF3BB220D22CB30009C5F6 /* WeatherForecastCollectionViewCell.xib */; };
/* End PBXBuildFile section */

/* Begin PBXFileReference section */
		264A05D4A5DE6E21DBE5AA5F /* Pods_Weather.framework */ = {isa = PBXFileReference; explicitFileType = wrapper.framework; includeInIndex = 0; path = Pods_Weather.framework; sourceTree = BUILT_PRODUCTS_DIR; };
		7FB582E8150FBE270C00A217 /* Pods-Weather.release.xcconfig */ = {isa = PBXFileReference; includeInIndex = 1; lastKnownFileType = text.xcconfig; name = "Pods-Weather.release.xcconfig"; path = "Pods/Target Support Files/Pods-Weather/Pods-Weather.release.xcconfig"; sourceTree = "<group>"; };
		934CCA6920D6666400A91D3C /* PageViewController.swift */ = {isa = PBXFileReference; lastKnownFileType = sourcecode.swift; path = PageViewController.swift; sourceTree = "<group>"; };
		934CCA6B20D708F900A91D3C /* CityViewController.swift */ = {isa = PBXFileReference; lastKnownFileType = sourcecode.swift; path = CityViewController.swift; sourceTree = "<group>"; };
		939673A020D0D6A000BE916F /* Weather.app */ = {isa = PBXFileReference; explicitFileType = wrapper.application; includeInIndex = 0; path = Weather.app; sourceTree = BUILT_PRODUCTS_DIR; };
		939673A320D0D6A000BE916F /* AppDelegate.swift */ = {isa = PBXFileReference; lastKnownFileType = sourcecode.swift; path = AppDelegate.swift; sourceTree = "<group>"; };
		939673A520D0D6A000BE916F /* WeatherViewController.swift */ = {isa = PBXFileReference; lastKnownFileType = sourcecode.swift; path = WeatherViewController.swift; sourceTree = "<group>"; };
		939673A820D0D6A000BE916F /* Base */ = {isa = PBXFileReference; lastKnownFileType = file.storyboard; name = Base; path = Base.lproj/Main.storyboard; sourceTree = "<group>"; };
		939673AA20D0D6A300BE916F /* Assets.xcassets */ = {isa = PBXFileReference; lastKnownFileType = folder.assetcatalog; path = Assets.xcassets; sourceTree = "<group>"; };
		939673AD20D0D6A300BE916F /* Base */ = {isa = PBXFileReference; lastKnownFileType = file.storyboard; name = Base; path = Base.lproj/LaunchScreen.storyboard; sourceTree = "<group>"; };
		939673AF20D0D6A400BE916F /* Info.plist */ = {isa = PBXFileReference; lastKnownFileType = text.plist.xml; path = Info.plist; sourceTree = "<group>"; };
		939673B820D127A400BE916F /* Weather.swift */ = {isa = PBXFileReference; lastKnownFileType = sourcecode.swift; path = Weather.swift; sourceTree = "<group>"; };
		93FF3BB120D22CB30009C5F6 /* WeatherForecastCollectionViewCell.swift */ = {isa = PBXFileReference; lastKnownFileType = sourcecode.swift; path = WeatherForecastCollectionViewCell.swift; sourceTree = "<group>"; };
		93FF3BB220D22CB30009C5F6 /* WeatherForecastCollectionViewCell.xib */ = {isa = PBXFileReference; lastKnownFileType = file.xib; path = WeatherForecastCollectionViewCell.xib; sourceTree = "<group>"; };
		A8CABB79CBDFCC418483CEB7 /* Pods-Weather.debug.xcconfig */ = {isa = PBXFileReference; includeInIndex = 1; lastKnownFileType = text.xcconfig; name = "Pods-Weather.debug.xcconfig"; path = "Pods/Target Support Files/Pods-Weather/Pods-Weather.debug.xcconfig"; sourceTree = "<group>"; };
/* End PBXFileReference section */

/* Begin PBXFrameworksBuildPhase section */
		9396739D20D0D6A000BE916F /* Frameworks */ = {
			isa = PBXFrameworksBuildPhase;
			buildActionMask = 2147483647;
			files = (
				51D3FF9EBCEA5E7261BA8CFC /* Pods_Weather.framework in Frameworks */,
			);
			runOnlyForDeploymentPostprocessing = 0;
		};
/* End PBXFrameworksBuildPhase section */

/* Begin PBXGroup section */
		2EF2D9E3A5BE5D842B56C40E /* Pods */ = {
			isa = PBXGroup;
			children = (
				A8CABB79CBDFCC418483CEB7 /* Pods-Weather.debug.xcconfig */,
				7FB582E8150FBE270C00A217 /* Pods-Weather.release.xcconfig */,
			);
			name = Pods;
			sourceTree = "<group>";
		};
		5C03AAB1E26E3C8179669F61 /* Frameworks */ = {
			isa = PBXGroup;
			children = (
				264A05D4A5DE6E21DBE5AA5F /* Pods_Weather.framework */,
			);
			name = Frameworks;
			sourceTree = "<group>";
		};
		9396739720D0D6A000BE916F = {
			isa = PBXGroup;
			children = (
				939673A220D0D6A000BE916F /* Weather */,
				939673A120D0D6A000BE916F /* Products */,
				2EF2D9E3A5BE5D842B56C40E /* Pods */,
				5C03AAB1E26E3C8179669F61 /* Frameworks */,
			);
			sourceTree = "<group>";
		};
		939673A120D0D6A000BE916F /* Products */ = {
			isa = PBXGroup;
			children = (
				939673A020D0D6A000BE916F /* Weather.app */,
			);
			name = Products;
			sourceTree = "<group>";
		};
		939673A220D0D6A000BE916F /* Weather */ = {
			isa = PBXGroup;
			children = (
				939673BA20D127A700BE916F /* Model */,
				939673B520D0D6AF00BE916F /* View */,
				939673B620D0D6B500BE916F /* Controller */,
				939673B720D0D6CD00BE916F /* Supporting Files */,
				939673A320D0D6A000BE916F /* AppDelegate.swift */,
				939673AF20D0D6A400BE916F /* Info.plist */,
			);
			path = Weather;
			sourceTree = "<group>";
		};
		939673B520D0D6AF00BE916F /* View */ = {
			isa = PBXGroup;
			children = (
				939673A720D0D6A000BE916F /* Main.storyboard */,
				93FF3BB120D22CB30009C5F6 /* WeatherForecastCollectionViewCell.swift */,
				93FF3BB220D22CB30009C5F6 /* WeatherForecastCollectionViewCell.xib */,
			);
			path = View;
			sourceTree = "<group>";
		};
		939673B620D0D6B500BE916F /* Controller */ = {
			isa = PBXGroup;
			children = (
				934CCA6920D6666400A91D3C /* PageViewController.swift */,
				939673A520D0D6A000BE916F /* WeatherViewController.swift */,
				934CCA6B20D708F900A91D3C /* CityViewController.swift */,
			);
			path = Controller;
			sourceTree = "<group>";
		};
		939673B720D0D6CD00BE916F /* Supporting Files */ = {
			isa = PBXGroup;
			children = (
				939673AA20D0D6A300BE916F /* Assets.xcassets */,
				939673AC20D0D6A300BE916F /* LaunchScreen.storyboard */,
			);
			path = "Supporting Files";
			sourceTree = "<group>";
		};
		939673BA20D127A700BE916F /* Model */ = {
			isa = PBXGroup;
			children = (
				939673B820D127A400BE916F /* Weather.swift */,
			);
			path = Model;
			sourceTree = "<group>";
		};
/* End PBXGroup section */

/* Begin PBXNativeTarget section */
		9396739F20D0D6A000BE916F /* Weather */ = {
			isa = PBXNativeTarget;
			buildConfigurationList = 939673B220D0D6A400BE916F /* Build configuration list for PBXNativeTarget "Weather" */;
			buildPhases = (
				950D53E296B450285EBF48C1 /* [CP] Check Pods Manifest.lock */,
				9396739C20D0D6A000BE916F /* Sources */,
				9396739D20D0D6A000BE916F /* Frameworks */,
				9396739E20D0D6A000BE916F /* Resources */,
				2D86C6785FBBAAA14762016F /* [CP] Embed Pods Frameworks */,
			);
			buildRules = (
			);
			dependencies = (
			);
			name = Weather;
			productName = Weather;
			productReference = 939673A020D0D6A000BE916F /* Weather.app */;
			productType = "com.apple.product-type.application";
		};
/* End PBXNativeTarget section */

/* Begin PBXProject section */
		9396739820D0D6A000BE916F /* Project object */ = {
			isa = PBXProject;
			attributes = {
				LastSwiftUpdateCheck = 0940;
				LastUpgradeCheck = 0940;
				ORGANIZATIONNAME = "Aaron Zhong";
				TargetAttributes = {
					9396739F20D0D6A000BE916F = {
						CreatedOnToolsVersion = 9.4;
					};
				};
			};
			buildConfigurationList = 9396739B20D0D6A000BE916F /* Build configuration list for PBXProject "Weather" */;
			compatibilityVersion = "Xcode 9.3";
			developmentRegion = en;
			hasScannedForEncodings = 0;
			knownRegions = (
				en,
				Base,
			);
			mainGroup = 9396739720D0D6A000BE916F;
			productRefGroup = 939673A120D0D6A000BE916F /* Products */;
			projectDirPath = "";
			projectRoot = "";
			targets = (
				9396739F20D0D6A000BE916F /* Weather */,
			);
		};
/* End PBXProject section */

/* Begin PBXResourcesBuildPhase section */
		9396739E20D0D6A000BE916F /* Resources */ = {
			isa = PBXResourcesBuildPhase;
			buildActionMask = 2147483647;
			files = (
				93FF3BB420D22CB30009C5F6 /* WeatherForecastCollectionViewCell.xib in Resources */,
				939673AE20D0D6A300BE916F /* LaunchScreen.storyboard in Resources */,
				939673AB20D0D6A300BE916F /* Assets.xcassets in Resources */,
				939673A920D0D6A000BE916F /* Main.storyboard in Resources */,
			);
			runOnlyForDeploymentPostprocessing = 0;
		};
/* End PBXResourcesBuildPhase section */

/* Begin PBXShellScriptBuildPhase section */
		2D86C6785FBBAAA14762016F /* [CP] Embed Pods Frameworks */ = {
			isa = PBXShellScriptBuildPhase;
			buildActionMask = 2147483647;
			files = (
			);
			inputPaths = (
				"${SRCROOT}/Pods/Target Support Files/Pods-Weather/Pods-Weather-frameworks.sh",
				"${BUILT_PRODUCTS_DIR}/Alamofire/Alamofire.framework",
				"${BUILT_PRODUCTS_DIR}/ChameleonFramework/ChameleonFramework.framework",
				"${BUILT_PRODUCTS_DIR}/SwiftyJSON/SwiftyJSON.framework",
				"${BUILT_PRODUCTS_DIR}/SwipeCellKit/SwipeCellKit.framework",
			);
			name = "[CP] Embed Pods Frameworks";
			outputPaths = (
				"${TARGET_BUILD_DIR}/${FRAMEWORKS_FOLDER_PATH}/Alamofire.framework",
				"${TARGET_BUILD_DIR}/${FRAMEWORKS_FOLDER_PATH}/ChameleonFramework.framework",
				"${TARGET_BUILD_DIR}/${FRAMEWORKS_FOLDER_PATH}/SwiftyJSON.framework",
				"${TARGET_BUILD_DIR}/${FRAMEWORKS_FOLDER_PATH}/SwipeCellKit.framework",
			);
			runOnlyForDeploymentPostprocessing = 0;
			shellPath = /bin/sh;
			shellScript = "\"${SRCROOT}/Pods/Target Support Files/Pods-Weather/Pods-Weather-frameworks.sh\"\n";
			showEnvVarsInLog = 0;
		};
		950D53E296B450285EBF48C1 /* [CP] Check Pods Manifest.lock */ = {
			isa = PBXShellScriptBuildPhase;
			buildActionMask = 2147483647;
			files = (
			);
			inputPaths = (
				"${PODS_PODFILE_DIR_PATH}/Podfile.lock",
				"${PODS_ROOT}/Manifest.lock",
			);
			name = "[CP] Check Pods Manifest.lock";
			outputPaths = (
				"$(DERIVED_FILE_DIR)/Pods-Weather-checkManifestLockResult.txt",
			);
			runOnlyForDeploymentPostprocessing = 0;
			shellPath = /bin/sh;
			shellScript = "diff \"${PODS_PODFILE_DIR_PATH}/Podfile.lock\" \"${PODS_ROOT}/Manifest.lock\" > /dev/null\nif [ $? != 0 ] ; then\n    # print error to STDERR\n    echo \"error: The sandbox is not in sync with the Podfile.lock. Run 'pod install' or update your CocoaPods installation.\" >&2\n    exit 1\nfi\n# This output is used by Xcode 'outputs' to avoid re-running this script phase.\necho \"SUCCESS\" > \"${SCRIPT_OUTPUT_FILE_0}\"\n";
			showEnvVarsInLog = 0;
		};
/* End PBXShellScriptBuildPhase section */

/* Begin PBXSourcesBuildPhase section */
		9396739C20D0D6A000BE916F /* Sources */ = {
			isa = PBXSourcesBuildPhase;
			buildActionMask = 2147483647;
			files = (
				93FF3BB320D22CB30009C5F6 /* WeatherForecastCollectionViewCell.swift in Sources */,
				934CCA6A20D6666400A91D3C /* PageViewController.swift in Sources */,
				939673A620D0D6A000BE916F /* WeatherViewController.swift in Sources */,
				939673B920D127A400BE916F /* Weather.swift in Sources */,
				939673A420D0D6A000BE916F /* AppDelegate.swift in Sources */,
				934CCA6C20D708F900A91D3C /* CityViewController.swift in Sources */,
			);
			runOnlyForDeploymentPostprocessing = 0;
		};
/* End PBXSourcesBuildPhase section */

/* Begin PBXVariantGroup section */
		939673A720D0D6A000BE916F /* Main.storyboard */ = {
			isa = PBXVariantGroup;
			children = (
				939673A820D0D6A000BE916F /* Base */,
			);
			name = Main.storyboard;
			sourceTree = "<group>";
		};
		939673AC20D0D6A300BE916F /* LaunchScreen.storyboard */ = {
			isa = PBXVariantGroup;
			children = (
				939673AD20D0D6A300BE916F /* Base */,
			);
			name = LaunchScreen.storyboard;
			sourceTree = "<group>";
		};
/* End PBXVariantGroup section */

/* Begin XCBuildConfiguration section */
		939673B020D0D6A400BE916F /* Debug */ = {
			isa = XCBuildConfiguration;
			buildSettings = {
				ALWAYS_SEARCH_USER_PATHS = NO;
				CLANG_ANALYZER_NONNULL = YES;
				CLANG_ANALYZER_NUMBER_OBJECT_CONVERSION = YES_AGGRESSIVE;
				CLANG_CXX_LANGUAGE_STANDARD = "gnu++14";
				CLANG_CXX_LIBRARY = "libc++";
				CLANG_ENABLE_MODULES = YES;
				CLANG_ENABLE_OBJC_ARC = YES;
				CLANG_ENABLE_OBJC_WEAK = YES;
				CLANG_WARN_BLOCK_CAPTURE_AUTORELEASING = YES;
				CLANG_WARN_BOOL_CONVERSION = YES;
				CLANG_WARN_COMMA = YES;
				CLANG_WARN_CONSTANT_CONVERSION = YES;
				CLANG_WARN_DEPRECATED_OBJC_IMPLEMENTATIONS = YES;
				CLANG_WARN_DIRECT_OBJC_ISA_USAGE = YES_ERROR;
				CLANG_WARN_DOCUMENTATION_COMMENTS = YES;
				CLANG_WARN_EMPTY_BODY = YES;
				CLANG_WARN_ENUM_CONVERSION = YES;
				CLANG_WARN_INFINITE_RECURSION = YES;
				CLANG_WARN_INT_CONVERSION = YES;
				CLANG_WARN_NON_LITERAL_NULL_CONVERSION = YES;
				CLANG_WARN_OBJC_IMPLICIT_RETAIN_SELF = YES;
				CLANG_WARN_OBJC_LITERAL_CONVERSION = YES;
				CLANG_WARN_OBJC_ROOT_CLASS = YES_ERROR;
				CLANG_WARN_RANGE_LOOP_ANALYSIS = YES;
				CLANG_WARN_STRICT_PROTOTYPES = YES;
				CLANG_WARN_SUSPICIOUS_MOVE = YES;
				CLANG_WARN_UNGUARDED_AVAILABILITY = YES_AGGRESSIVE;
				CLANG_WARN_UNREACHABLE_CODE = YES;
				CLANG_WARN__DUPLICATE_METHOD_MATCH = YES;
				CODE_SIGN_IDENTITY = "iPhone Developer";
				COPY_PHASE_STRIP = NO;
				DEBUG_INFORMATION_FORMAT = dwarf;
				ENABLE_STRICT_OBJC_MSGSEND = YES;
				ENABLE_TESTABILITY = YES;
				GCC_C_LANGUAGE_STANDARD = gnu11;
				GCC_DYNAMIC_NO_PIC = NO;
				GCC_NO_COMMON_BLOCKS = YES;
				GCC_OPTIMIZATION_LEVEL = 0;
				GCC_PREPROCESSOR_DEFINITIONS = (
					"DEBUG=1",
					"$(inherited)",
				);
				GCC_WARN_64_TO_32_BIT_CONVERSION = YES;
				GCC_WARN_ABOUT_RETURN_TYPE = YES_ERROR;
				GCC_WARN_UNDECLARED_SELECTOR = YES;
				GCC_WARN_UNINITIALIZED_AUTOS = YES_AGGRESSIVE;
				GCC_WARN_UNUSED_FUNCTION = YES;
				GCC_WARN_UNUSED_VARIABLE = YES;
				IPHONEOS_DEPLOYMENT_TARGET = 11.4;
				MTL_ENABLE_DEBUG_INFO = YES;
				ONLY_ACTIVE_ARCH = YES;
				SDKROOT = iphoneos;
				SWIFT_ACTIVE_COMPILATION_CONDITIONS = DEBUG;
				SWIFT_OPTIMIZATION_LEVEL = "-Onone";
			};
			name = Debug;
		};
		939673B120D0D6A400BE916F /* Release */ = {
			isa = XCBuildConfiguration;
			buildSettings = {
				ALWAYS_SEARCH_USER_PATHS = NO;
				CLANG_ANALYZER_NONNULL = YES;
				CLANG_ANALYZER_NUMBER_OBJECT_CONVERSION = YES_AGGRESSIVE;
				CLANG_CXX_LANGUAGE_STANDARD = "gnu++14";
				CLANG_CXX_LIBRARY = "libc++";
				CLANG_ENABLE_MODULES = YES;
				CLANG_ENABLE_OBJC_ARC = YES;
				CLANG_ENABLE_OBJC_WEAK = YES;
				CLANG_WARN_BLOCK_CAPTURE_AUTORELEASING = YES;
				CLANG_WARN_BOOL_CONVERSION = YES;
				CLANG_WARN_COMMA = YES;
				CLANG_WARN_CONSTANT_CONVERSION = YES;
				CLANG_WARN_DEPRECATED_OBJC_IMPLEMENTATIONS = YES;
				CLANG_WARN_DIRECT_OBJC_ISA_USAGE = YES_ERROR;
				CLANG_WARN_DOCUMENTATION_COMMENTS = YES;
				CLANG_WARN_EMPTY_BODY = YES;
				CLANG_WARN_ENUM_CONVERSION = YES;
				CLANG_WARN_INFINITE_RECURSION = YES;
				CLANG_WARN_INT_CONVERSION = YES;
				CLANG_WARN_NON_LITERAL_NULL_CONVERSION = YES;
				CLANG_WARN_OBJC_IMPLICIT_RETAIN_SELF = YES;
				CLANG_WARN_OBJC_LITERAL_CONVERSION = YES;
				CLANG_WARN_OBJC_ROOT_CLASS = YES_ERROR;
				CLANG_WARN_RANGE_LOOP_ANALYSIS = YES;
				CLANG_WARN_STRICT_PROTOTYPES = YES;
				CLANG_WARN_SUSPICIOUS_MOVE = YES;
				CLANG_WARN_UNGUARDED_AVAILABILITY = YES_AGGRESSIVE;
				CLANG_WARN_UNREACHABLE_CODE = YES;
				CLANG_WARN__DUPLICATE_METHOD_MATCH = YES;
				CODE_SIGN_IDENTITY = "iPhone Developer";
				COPY_PHASE_STRIP = NO;
				DEBUG_INFORMATION_FORMAT = "dwarf-with-dsym";
				ENABLE_NS_ASSERTIONS = NO;
				ENABLE_STRICT_OBJC_MSGSEND = YES;
				GCC_C_LANGUAGE_STANDARD = gnu11;
				GCC_NO_COMMON_BLOCKS = YES;
				GCC_WARN_64_TO_32_BIT_CONVERSION = YES;
				GCC_WARN_ABOUT_RETURN_TYPE = YES_ERROR;
				GCC_WARN_UNDECLARED_SELECTOR = YES;
				GCC_WARN_UNINITIALIZED_AUTOS = YES_AGGRESSIVE;
				GCC_WARN_UNUSED_FUNCTION = YES;
				GCC_WARN_UNUSED_VARIABLE = YES;
				IPHONEOS_DEPLOYMENT_TARGET = 11.4;
				MTL_ENABLE_DEBUG_INFO = NO;
				SDKROOT = iphoneos;
				SWIFT_COMPILATION_MODE = wholemodule;
				SWIFT_OPTIMIZATION_LEVEL = "-O";
				VALIDATE_PRODUCT = YES;
			};
			name = Release;
		};
		939673B320D0D6A400BE916F /* Debug */ = {
			isa = XCBuildConfiguration;
			baseConfigurationReference = A8CABB79CBDFCC418483CEB7 /* Pods-Weather.debug.xcconfig */;
			buildSettings = {
				ASSETCATALOG_COMPILER_APPICON_NAME = AppIcon;
				CODE_SIGN_STYLE = Automatic;
				DEVELOPMENT_TEAM = HPR2UU59UY;
				INFOPLIST_FILE = Weather/Info.plist;
				LD_RUNPATH_SEARCH_PATHS = (
					"$(inherited)",
					"@executable_path/Frameworks",
				);
				PRODUCT_BUNDLE_IDENTIFIER = com.aaronzhong.Weather;
				PRODUCT_NAME = "$(TARGET_NAME)";
				SWIFT_VERSION = 4.0;
				TARGETED_DEVICE_FAMILY = "1,2";
			};
			name = Debug;
		};
		939673B420D0D6A400BE916F /* Release */ = {
			isa = XCBuildConfiguration;
			baseConfigurationReference = 7FB582E8150FBE270C00A217 /* Pods-Weather.release.xcconfig */;
			buildSettings = {
				ASSETCATALOG_COMPILER_APPICON_NAME = AppIcon;
				CODE_SIGN_STYLE = Automatic;
				DEVELOPMENT_TEAM = HPR2UU59UY;
				INFOPLIST_FILE = Weather/Info.plist;
				LD_RUNPATH_SEARCH_PATHS = (
					"$(inherited)",
					"@executable_path/Frameworks",
				);
				PRODUCT_BUNDLE_IDENTIFIER = com.aaronzhong.Weather;
				PRODUCT_NAME = "$(TARGET_NAME)";
				SWIFT_VERSION = 4.0;
				TARGETED_DEVICE_FAMILY = "1,2";
			};
			name = Release;
		};
/* End XCBuildConfiguration section */

/* Begin XCConfigurationList section */
		9396739B20D0D6A000BE916F /* Build configuration list for PBXProject "Weather" */ = {
			isa = XCConfigurationList;
			buildConfigurations = (
				939673B020D0D6A400BE916F /* Debug */,
				939673B120D0D6A400BE916F /* Release */,
			);
			defaultConfigurationIsVisible = 0;
			defaultConfigurationName = Release;
		};
		939673B220D0D6A400BE916F /* Build configuration list for PBXNativeTarget "Weather" */ = {
			isa = XCConfigurationList;
			buildConfigurations = (
				939673B320D0D6A400BE916F /* Debug */,
				939673B420D0D6A400BE916F /* Release */,
			);
			defaultConfigurationIsVisible = 0;
			defaultConfigurationName = Release;
		};
/* End XCConfigurationList section */
	};
	rootObject = 9396739820D0D6A000BE916F /* Project object */;
}
